
Microsoft Visual Studio Solution File, Format Version 12.00
# Visual Studio Version 17
VisualStudioVersion = 17.0.31903.59
MinimumVisualStudioVersion = 10.0.40219.1
Project("{2150E333-8FDC-42A3-9474-1A3956D46DE8}") = "src", "src", "{827E0CD3-B72D-47B6-A68D-7590B98EB39B}"
EndProject
Project("{FAE04EC0-301F-11D3-BF4B-00C04F79EFBC}") = "NovaTerminal.App", "src\NovaTerminal.App\NovaTerminal.App.csproj", "{EF612931-5730-418A-9DAA-9F66492500F4}"
EndProject
Project("{FAE04EC0-301F-11D3-BF4B-00C04F79EFBC}") = "NovaTerminal.Core", "src\NovaTerminal.Core\NovaTerminal.Core.csproj", "{1D846398-D5AE-426B-8C39-D21E1518BA0E}"
EndProject
Project("{FAE04EC0-301F-11D3-BF4B-00C04F79EFBC}") = "NovaTerminal.Terminal", "src\NovaTerminal.Terminal\NovaTerminal.Terminal.csproj", "{C1E28F0F-C691-4831-84FF-E17B894F47AF}"
EndProject
Project("{FAE04EC0-301F-11D3-BF4B-00C04F79EFBC}") = "NovaTerminal.Process", "src\NovaTerminal.Process\NovaTerminal.Process.csproj", "{C4094036-A552-444C-A047-0D9520A31E34}"
EndProject
Project("{FAE04EC0-301F-11D3-BF4B-00C04F79EFBC}") = "NovaTerminal.Platform", "src\NovaTerminal.Platform\NovaTerminal.Platform.csproj", "{78A70A66-5687-45E6-92CE-20CDCF38D6DB}"
EndProject
Project("{FAE04EC0-301F-11D3-BF4B-00C04F79EFBC}") = "NovaTerminal.Input", "src\NovaTerminal.Input\NovaTerminal.Input.csproj", "{C20CD37F-154B-42F1-8997-BEFB4BE2549F}"
EndProject
Project("{FAE04EC0-301F-11D3-BF4B-00C04F79EFBC}") = "NovaTerminal.Rendering", "src\NovaTerminal.Rendering\NovaTerminal.Rendering.csproj", "{B3AFAEA4-CE92-47B7-AC7F-1378FE8FCCC2}"
EndProject
Project("{2150E333-8FDC-42A3-9474-1A3956D46DE8}") = "tests", "tests", "{0AB3BF05-4346-4AA6-1389-037BE0695223}"
EndProject
Project("{FAE04EC0-301F-11D3-BF4B-00C04F79EFBC}") = "NovaTerminal.Core.Tests", "tests\NovaTerminal.Core.Tests\NovaTerminal.Core.Tests.csproj", "{DEA4CDE8-C94D-4FE2-BAFD-35F448760DE5}"
EndProject
Project("{FAE04EC0-301F-11D3-BF4B-00C04F79EFBC}") = "NovaTerminal.Integration.Tests", "tests\NovaTerminal.Integration.Tests\NovaTerminal.Integration.Tests.csproj", "{03510D36-ACFE-40C3-B0DA-2879AB35C062}"
EndProject
Project("{FAE04EC0-301F-11D3-BF4B-00C04F79EFBC}") = "NovaTerminal.Terminal.Tests", "tests\NovaTerminal.Terminal.Tests\NovaTerminal.Terminal.Tests.csproj", "{322A3A4F-CB86-4784-92D7-ADB42FD9F9AB}"
EndProject
Project("{FAE04EC0-301F-11D3-BF4B-00C04F79EFBC}") = "NovaTerminal.PtyHarness", "tests\NovaTerminal.PtyHarness\NovaTerminal.PtyHarness.csproj", "{C6B95500-DA7E-425F-9DDD-10AFB350E87E}"
EndProject
Global
	GlobalSection(SolutionConfigurationPlatforms) = preSolution
		Debug|Any CPU = Debug|Any CPU
		Debug|x64 = Debug|x64
		Debug|x86 = Debug|x86
		Release|Any CPU = Release|Any CPU
		Release|x64 = Release|x64
		Release|x86 = Release|x86
	EndGlobalSection
	GlobalSection(ProjectConfigurationPlatforms) = postSolution
		{EF612931-5730-418A-9DAA-9F66492500F4}.Debug|Any CPU.ActiveCfg = Debug|Any CPU
		{EF612931-5730-418A-9DAA-9F66492500F4}.Debug|Any CPU.Build.0 = Debug|Any CPU
		{EF612931-5730-418A-9DAA-9F66492500F4}.Debug|x64.ActiveCfg = Debug|Any CPU
		{EF612931-5730-418A-9DAA-9F66492500F4}.Debug|x64.Build.0 = Debug|Any CPU
		{EF612931-5730-418A-9DAA-9F66492500F4}.Debug|x86.ActiveCfg = Debug|Any CPU
		{EF612931-5730-418A-9DAA-9F66492500F4}.Debug|x86.Build.0 = Debug|Any CPU
		{EF612931-5730-418A-9DAA-9F66492500F4}.Release|Any CPU.ActiveCfg = Release|Any CPU
		{EF612931-5730-418A-9DAA-9F66492500F4}.Release|Any CPU.Build.0 = Release|Any CPU
		{EF612931-5730-418A-9DAA-9F66492500F4}.Release|x64.ActiveCfg = Release|Any CPU
		{EF612931-5730-418A-9DAA-9F66492500F4}.Release|x64.Build.0 = Release|Any CPU
		{EF612931-5730-418A-9DAA-9F66492500F4}.Release|x86.ActiveCfg = Release|Any CPU
		{EF612931-5730-418A-9DAA-9F66492500F4}.Release|x86.Build.0 = Release|Any CPU
		{1D846398-D5AE-426B-8C39-D21E1518BA0E}.Debug|Any CPU.ActiveCfg = Debug|Any CPU
		{1D846398-D5AE-426B-8C39-D21E1518BA0E}.Debug|Any CPU.Build.0 = Debug|Any CPU
		{1D846398-D5AE-426B-8C39-D21E1518BA0E}.Debug|x64.ActiveCfg = Debug|Any CPU
		{1D846398-D5AE-426B-8C39-D21E1518BA0E}.Debug|x64.Build.0 = Debug|Any CPU
		{1D846398-D5AE-426B-8C39-D21E1518BA0E}.Debug|x86.ActiveCfg = Debug|Any CPU
		{1D846398-D5AE-426B-8C39-D21E1518BA0E}.Debug|x86.Build.0 = Debug|Any CPU
		{1D846398-D5AE-426B-8C39-D21E1518BA0E}.Release|Any CPU.ActiveCfg = Release|Any CPU
		{1D846398-D5AE-426B-8C39-D21E1518BA0E}.Release|Any CPU.Build.0 = Release|Any CPU
		{1D846398-D5AE-426B-8C39-D21E1518BA0E}.Release|x64.ActiveCfg = Release|Any CPU
		{1D846398-D5AE-426B-8C39-D21E1518BA0E}.Release|x64.Build.0 = Release|Any CPU
		{1D846398-D5AE-426B-8C39-D21E1518BA0E}.Release|x86.ActiveCfg = Release|Any CPU
		{1D846398-D5AE-426B-8C39-D21E1518BA0E}.Release|x86.Build.0 = Release|Any CPU
		{C1E28F0F-C691-4831-84FF-E17B894F47AF}.Debug|Any CPU.ActiveCfg = Debug|Any CPU
		{C1E28F0F-C691-4831-84FF-E17B894F47AF}.Debug|Any CPU.Build.0 = Debug|Any CPU
		{C1E28F0F-C691-4831-84FF-E17B894F47AF}.Debug|x64.ActiveCfg = Debug|Any CPU
		{C1E28F0F-C691-4831-84FF-E17B894F47AF}.Debug|x64.Build.0 = Debug|Any CPU
		{C1E28F0F-C691-4831-84FF-E17B894F47AF}.Debug|x86.ActiveCfg = Debug|Any CPU
		{C1E28F0F-C691-4831-84FF-E17B894F47AF}.Debug|x86.Build.0 = Debug|Any CPU
		{C1E28F0F-C691-4831-84FF-E17B894F47AF}.Release|Any CPU.ActiveCfg = Release|Any CPU
		{C1E28F0F-C691-4831-84FF-E17B894F47AF}.Release|Any CPU.Build.0 = Release|Any CPU
		{C1E28F0F-C691-4831-84FF-E17B894F47AF}.Release|x64.ActiveCfg = Release|Any CPU
		{C1E28F0F-C691-4831-84FF-E17B894F47AF}.Release|x64.Build.0 = Release|Any CPU
		{C1E28F0F-C691-4831-84FF-E17B894F47AF}.Release|x86.ActiveCfg = Release|Any CPU
		{C1E28F0F-C691-4831-84FF-E17B894F47AF}.Release|x86.Build.0 = Release|Any CPU
		{C4094036-A552-444C-A047-0D9520A31E34}.Debug|Any CPU.ActiveCfg = Debug|Any CPU
		{C4094036-A552-444C-A047-0D9520A31E34}.Debug|Any CPU.Build.0 = Debug|Any CPU
		{C4094036-A552-444C-A047-0D9520A31E34}.Debug|x64.ActiveCfg = Debug|Any CPU
		{C4094036-A552-444C-A047-0D9520A31E34}.Debug|x64.Build.0 = Debug|Any CPU
		{C4094036-A552-444C-A047-0D9520A31E34}.Debug|x86.ActiveCfg = Debug|Any CPU
		{C4094036-A552-444C-A047-0D9520A31E34}.Debug|x86.Build.0 = Debug|Any CPU
		{C4094036-A552-444C-A047-0D9520A31E34}.Release|Any CPU.ActiveCfg = Release|Any CPU
		{C4094036-A552-444C-A047-0D9520A31E34}.Release|Any CPU.Build.0 = Release|Any CPU
		{C4094036-A552-444C-A047-0D9520A31E34}.Release|x64.ActiveCfg = Release|Any CPU
		{C4094036-A552-444C-A047-0D9520A31E34}.Release|x64.Build.0 = Release|Any CPU
		{C4094036-A552-444C-A047-0D9520A31E34}.Release|x86.ActiveCfg = Release|Any CPU
		{C4094036-A552-444C-A047-0D9520A31E34}.Release|x86.Build.0 = Release|Any CPU
		{78A70A66-5687-45E6-92CE-20CDCF38D6DB}.Debug|Any CPU.ActiveCfg = Debug|Any CPU
		{78A70A66-5687-45E6-92CE-20CDCF38D6DB}.Debug|Any CPU.Build.0 = Debug|Any CPU
		{78A70A66-5687-45E6-92CE-20CDCF38D6DB}.Debug|x64.ActiveCfg = Debug|Any CPU
		{78A70A66-5687-45E6-92CE-20CDCF38D6DB}.Debug|x64.Build.0 = Debug|Any CPU
		{78A70A66-5687-45E6-92CE-20CDCF38D6DB}.Debug|x86.ActiveCfg = Debug|Any CPU
		{78A70A66-5687-45E6-92CE-20CDCF38D6DB}.Debug|x86.Build.0 = Debug|Any CPU
		{78A70A66-5687-45E6-92CE-20CDCF38D6DB}.Release|Any CPU.ActiveCfg = Release|Any CPU
		{78A70A66-5687-45E6-92CE-20CDCF38D6DB}.Release|Any CPU.Build.0 = Release|Any CPU
		{78A70A66-5687-45E6-92CE-20CDCF38D6DB}.Release|x64.ActiveCfg = Release|Any CPU
		{78A70A66-5687-45E6-92CE-20CDCF38D6DB}.Release|x64.Build.0 = Release|Any CPU
		{78A70A66-5687-45E6-92CE-20CDCF38D6DB}.Release|x86.ActiveCfg = Release|Any CPU
		{78A70A66-5687-45E6-92CE-20CDCF38D6DB}.Release|x86.Build.0 = Release|Any CPU
		{C20CD37F-154B-42F1-8997-BEFB4BE2549F}.Debug|Any CPU.ActiveCfg = Debug|Any CPU
		{C20CD37F-154B-42F1-8997-BEFB4BE2549F}.Debug|Any CPU.Build.0 = Debug|Any CPU
		{C20CD37F-154B-42F1-8997-BEFB4BE2549F}.Debug|x64.ActiveCfg = Debug|Any CPU
		{C20CD37F-154B-42F1-8997-BEFB4BE2549F}.Debug|x64.Build.0 = Debug|Any CPU
		{C20CD37F-154B-42F1-8997-BEFB4BE2549F}.Debug|x86.ActiveCfg = Debug|Any CPU
		{C20CD37F-154B-42F1-8997-BEFB4BE2549F}.Debug|x86.Build.0 = Debug|Any CPU
		{C20CD37F-154B-42F1-8997-BEFB4BE2549F}.Release|Any CPU.ActiveCfg = Release|Any CPU
		{C20CD37F-154B-42F1-8997-BEFB4BE2549F}.Release|Any CPU.Build.0 = Release|Any CPU
		{C20CD37F-154B-42F1-8997-BEFB4BE2549F}.Release|x64.ActiveCfg = Release|Any CPU
		{C20CD37F-154B-42F1-8997-BEFB4BE2549F}.Release|x64.Build.0 = Release|Any CPU
		{C20CD37F-154B-42F1-8997-BEFB4BE2549F}.Release|x86.ActiveCfg = Release|Any CPU
		{C20CD37F-154B-42F1-8997-BEFB4BE2549F}.Release|x86.Build.0 = Release|Any CPU
		{B3AFAEA4-CE92-47B7-AC7F-1378FE8FCCC2}.Debug|Any CPU.ActiveCfg = Debug|Any CPU
		{B3AFAEA4-CE92-47B7-AC7F-1378FE8FCCC2}.Debug|Any CPU.Build.0 = Debug|Any CPU
		{B3AFAEA4-CE92-47B7-AC7F-1378FE8FCCC2}.Debug|x64.ActiveCfg = Debug|Any CPU
		{B3AFAEA4-CE92-47B7-AC7F-1378FE8FCCC2}.Debug|x64.Build.0 = Debug|Any CPU
		{B3AFAEA4-CE92-47B7-AC7F-1378FE8FCCC2}.Debug|x86.ActiveCfg = Debug|Any CPU
		{B3AFAEA4-CE92-47B7-AC7F-1378FE8FCCC2}.Debug|x86.Build.0 = Debug|Any CPU
		{B3AFAEA4-CE92-47B7-AC7F-1378FE8FCCC2}.Release|Any CPU.ActiveCfg = Release|Any CPU
		{B3AFAEA4-CE92-47B7-AC7F-1378FE8FCCC2}.Release|Any CPU.Build.0 = Release|Any CPU
		{B3AFAEA4-CE92-47B7-AC7F-1378FE8FCCC2}.Release|x64.ActiveCfg = Release|Any CPU
		{B3AFAEA4-CE92-47B7-AC7F-1378FE8FCCC2}.Release|x64.Build.0 = Release|Any CPU
		{B3AFAEA4-CE92-47B7-AC7F-1378FE8FCCC2}.Release|x86.ActiveCfg = Release|Any CPU
		{B3AFAEA4-CE92-47B7-AC7F-1378FE8FCCC2}.Release|x86.Build.0 = Release|Any CPU
		{DEA4CDE8-C94D-4FE2-BAFD-35F448760DE5}.Debug|Any CPU.ActiveCfg = Debug|Any CPU
		{DEA4CDE8-C94D-4FE2-BAFD-35F448760DE5}.Debug|Any CPU.Build.0 = Debug|Any CPU
		{DEA4CDE8-C94D-4FE2-BAFD-35F448760DE5}.Debug|x64.ActiveCfg = Debug|Any CPU
		{DEA4CDE8-C94D-4FE2-BAFD-35F448760DE5}.Debug|x64.Build.0 = Debug|Any CPU
		{DEA4CDE8-C94D-4FE2-BAFD-35F448760DE5}.Debug|x86.ActiveCfg = Debug|Any CPU
		{DEA4CDE8-C94D-4FE2-BAFD-35F448760DE5}.Debug|x86.Build.0 = Debug|Any CPU
		{DEA4CDE8-C94D-4FE2-BAFD-35F448760DE5}.Release|Any CPU.ActiveCfg = Release|Any CPU
		{DEA4CDE8-C94D-4FE2-BAFD-35F448760DE5}.Release|Any CPU.Build.0 = Release|Any CPU
		{DEA4CDE8-C94D-4FE2-BAFD-35F448760DE5}.Release|x64.ActiveCfg = Release|Any CPU
		{DEA4CDE8-C94D-4FE2-BAFD-35F448760DE5}.Release|x64.Build.0 = Release|Any CPU
		{DEA4CDE8-C94D-4FE2-BAFD-35F448760DE5}.Release|x86.ActiveCfg = Release|Any CPU
		{DEA4CDE8-C94D-4FE2-BAFD-35F448760DE5}.Release|x86.Build.0 = Release|Any CPU
		{03510D36-ACFE-40C3-B0DA-2879AB35C062}.Debug|Any CPU.ActiveCfg = Debug|Any CPU
		{03510D36-ACFE-40C3-B0DA-2879AB35C062}.Debug|Any CPU.Build.0 = Debug|Any CPU
		{03510D36-ACFE-40C3-B0DA-2879AB35C062}.Debug|x64.ActiveCfg = Debug|Any CPU
		{03510D36-ACFE-40C3-B0DA-2879AB35C062}.Debug|x64.Build.0 = Debug|Any CPU
		{03510D36-ACFE-40C3-B0DA-2879AB35C062}.Debug|x86.ActiveCfg = Debug|Any CPU
		{03510D36-ACFE-40C3-B0DA-2879AB35C062}.Debug|x86.Build.0 = Debug|Any CPU
		{03510D36-ACFE-40C3-B0DA-2879AB35C062}.Release|Any CPU.ActiveCfg = Release|Any CPU
		{03510D36-ACFE-40C3-B0DA-2879AB35C062}.Release|Any CPU.Build.0 = Release|Any CPU
		{03510D36-ACFE-40C3-B0DA-2879AB35C062}.Release|x64.ActiveCfg = Release|Any CPU
		{03510D36-ACFE-40C3-B0DA-2879AB35C062}.Release|x64.Build.0 = Release|Any CPU
		{03510D36-ACFE-40C3-B0DA-2879AB35C062}.Release|x86.ActiveCfg = Release|Any CPU
		{03510D36-ACFE-40C3-B0DA-2879AB35C062}.Release|x86.Build.0 = Release|Any CPU
		{322A3A4F-CB86-4784-92D7-ADB42FD9F9AB}.Debug|Any CPU.ActiveCfg = Debug|Any CPU
		{322A3A4F-CB86-4784-92D7-ADB42FD9F9AB}.Debug|Any CPU.Build.0 = Debug|Any CPU
		{322A3A4F-CB86-4784-92D7-ADB42FD9F9AB}.Debug|x64.ActiveCfg = Debug|Any CPU
		{322A3A4F-CB86-4784-92D7-ADB42FD9F9AB}.Debug|x64.Build.0 = Debug|Any CPU
		{322A3A4F-CB86-4784-92D7-ADB42FD9F9AB}.Debug|x86.ActiveCfg = Debug|Any CPU
		{322A3A4F-CB86-4784-92D7-ADB42FD9F9AB}.Debug|x86.Build.0 = Debug|Any CPU
		{322A3A4F-CB86-4784-92D7-ADB42FD9F9AB}.Release|Any CPU.ActiveCfg = Release|Any CPU
		{322A3A4F-CB86-4784-92D7-ADB42FD9F9AB}.Release|Any CPU.Build.0 = Release|Any CPU
		{322A3A4F-CB86-4784-92D7-ADB42FD9F9AB}.Release|x64.ActiveCfg = Release|Any CPU
		{322A3A4F-CB86-4784-92D7-ADB42FD9F9AB}.Release|x64.Build.0 = Release|Any CPU
		{322A3A4F-CB86-4784-92D7-ADB42FD9F9AB}.Release|x86.ActiveCfg = Release|Any CPU
		{322A3A4F-CB86-4784-92D7-ADB42FD9F9AB}.Release|x86.Build.0 = Release|Any CPU
		{C6B95500-DA7E-425F-9DDD-10AFB350E87E}.Debug|Any CPU.ActiveCfg = Debug|Any CPU
		{C6B95500-DA7E-425F-9DDD-10AFB350E87E}.Debug|Any CPU.Build.0 = Debug|Any CPU
		{C6B95500-DA7E-425F-9DDD-10AFB350E87E}.Debug|x64.ActiveCfg = Debug|Any CPU
		{C6B95500-DA7E-425F-9DDD-10AFB350E87E}.Debug|x64.Build.0 = Debug|Any CPU
		{C6B95500-DA7E-425F-9DDD-10AFB350E87E}.Debug|x86.ActiveCfg = Debug|Any CPU
		{C6B95500-DA7E-425F-9DDD-10AFB350E87E}.Debug|x86.Build.0 = Debug|Any CPU
		{C6B95500-DA7E-425F-9DDD-10AFB350E87E}.Release|Any CPU.ActiveCfg = Release|Any CPU
		{C6B95500-DA7E-425F-9DDD-10AFB350E87E}.Release|Any CPU.Build.0 = Release|Any CPU
		{C6B95500-DA7E-425F-9DDD-10AFB350E87E}.Release|x64.ActiveCfg = Release|Any CPU
		{C6B95500-DA7E-425F-9DDD-10AFB350E87E}.Release|x64.Build.0 = Release|Any CPU
		{C6B95500-DA7E-425F-9DDD-10AFB350E87E}.Release|x86.ActiveCfg = Release|Any CPU
		{C6B95500-DA7E-425F-9DDD-10AFB350E87E}.Release|x86.Build.0 = Release|Any CPU
	EndGlobalSection
	GlobalSection(SolutionProperties) = preSolution
		HideSolutionNode = FALSE
	EndGlobalSection
	GlobalSection(NestedProjects) = preSolution
		{EF612931-5730-418A-9DAA-9F66492500F4} = {827E0CD3-B72D-47B6-A68D-7590B98EB39B}
		{1D846398-D5AE-426B-8C39-D21E1518BA0E} = {827E0CD3-B72D-47B6-A68D-7590B98EB39B}
		{C1E28F0F-C691-4831-84FF-E17B894F47AF} = {827E0CD3-B72D-47B6-A68D-7590B98EB39B}
		{C4094036-A552-444C-A047-0D9520A31E34} = {827E0CD3-B72D-47B6-A68D-7590B98EB39B}
		{78A70A66-5687-45E6-92CE-20CDCF38D6DB} = {827E0CD3-B72D-47B6-A68D-7590B98EB39B}
		{C20CD37F-154B-42F1-8997-BEFB4BE2549F} = {827E0CD3-B72D-47B6-A68D-7590B98EB39B}
		{B3AFAEA4-CE92-47B7-AC7F-1378FE8FCCC2} = {827E0CD3-B72D-47B6-A68D-7590B98EB39B}
		{DEA4CDE8-C94D-4FE2-BAFD-35F448760DE5} = {0AB3BF05-4346-4AA6-1389-037BE0695223}
		{03510D36-ACFE-40C3-B0DA-2879AB35C062} = {0AB3BF05-4346-4AA6-1389-037BE0695223}
		{322A3A4F-CB86-4784-92D7-ADB42FD9F9AB} = {0AB3BF05-4346-4AA6-1389-037BE0695223}
		{C6B95500-DA7E-425F-9DDD-10AFB350E87E} = {0AB3BF05-4346-4AA6-1389-037BE0695223}
	EndGlobalSection
EndGlobal
